{
  "nodes": {
    "nixpkgs": {
      "locked": {
        "lastModified": 1733664491,
        "narHash": "sha256-o6+H1F2q+mU3A5sku1jj6lG0jwdPP5GeckZiHfAo2os=",
        "owner": "NixOS",
        "repo": "nixpkgs",
        "rev": "03972c9de6b633fa3baed631685e1a13f01b6b9e",
        "type": "github"
      },
      "original": {
        "owner": "NixOS",
        "ref": "release-24.11",
        "repo": "nixpkgs",
        "type": "github"
      }
    },
    "root": {
      "inputs": {
        "nixpkgs": "nixpkgs"
      }
    }
  },
  "root": "root",
  "version": 7
}
