{
  "nodes": {
    "nixpkgs": {
      "locked": {
        "lastModified": 1783173779,
        "narHash": "sha256-l89JEJIb9K79rmCNq52+5O0r0rQe32pIr4kpIf321Xc=",
        "owner": "NixOS",
        "repo": "nixpkgs",
        "rev": "95005a537e0759b3238e65c93cd1fe2967737f32",
        "type": "github"
      },
      "original": {
        "owner": "NixOS",
        "ref": "release-26.05",
        "repo": "nixpkgs",
        "type": "github"
      }
    },
    "root": {
      "inputs": {
        "nixpkgs": "nixpkgs"
      }
    }
  },
  "root": "root",
  "version": 7
}
