{
  "nodes": {
    "nixpkgs": {
      "locked": {
        "lastModified": 1717200687,
        "narHash": "sha256-UMWavINW+AqmGI0N9/vRpkRxbOJ2jBMp4Hg8wEDcuGk=",
        "owner": "NixOS",
        "repo": "nixpkgs",
        "rev": "3a4ed45b894d10a18b96f1e96767f4e5df4b50a5",
        "type": "github"
      },
      "original": {
        "owner": "NixOS",
        "ref": "release-24.05",
        "repo": "nixpkgs",
        "type": "github"
      }
    },
    "root": {
      "inputs": {
        "nixpkgs": "nixpkgs"
      }
    }
  },
  "root": "root",
  "version": 7
}
