github.com/jung-kurt/gofpdf/v2 v2.17.3 h1:otZXZby2gXJ7uU6pzprXHq/R57lsHLi0WtH79VabWxY=
github.com/jung-kurt/gofpdf/v2 v2.17.3/go.mod h1:Qx8ZNg4cNsO5i6uLDiBngnm+ii/FjtAqjRNO6drsoYU=
golang.org/x/image v0.16.0 h1:9kloLAKhUufZhA12l5fwnx2NZW39/we1UhBesW433jw=
golang.org/x/image v0.16.0/go.mod h1:ugSZItdV4nOxyqp56HmXwH0Ry0nBCpjnZdpDaIHdoPs=
